
Microsoft Visual Studio Solution File, Format Version 12.00
# Visual Studio Version 17
VisualStudioVersion = 17.9.34723.18
MinimumVisualStudioVersion = 10.0.40219.1
Project("{FAE04EC0-301F-11D3-BF4B-00C04F79EFBC}") = "StudentManagmentSystem.WebUI", "StudentManagmentSystem.WebUI\StudentManagmentSystem.WebUI.csproj", "{E18F4EA4-91FF-445B-AD94-A3E52EF29795}"
EndProject
Project("{FAE04EC0-301F-11D3-BF4B-00C04F79EFBC}") = "StudentManagmentSystem.DAL", "StudentManagmentSystem.DAL\StudentManagmentSystem.DAL.csproj", "{EB840830-E084-421B-B834-0BF56BA5FEE2}"
EndProject
Global
	GlobalSection(SolutionConfigurationPlatforms) = preSolution
		Debug|Any CPU = Debug|Any CPU
		Release|Any CPU = Release|Any CPU
	EndGlobalSection
	GlobalSection(ProjectConfigurationPlatforms) = postSolution
		{E18F4EA4-91FF-445B-AD94-A3E52EF29795}.Debug|Any CPU.ActiveCfg = Debug|Any CPU
		{E18F4EA4-91FF-445B-AD94-A3E52EF29795}.Debug|Any CPU.Build.0 = Debug|Any CPU
		{E18F4EA4-91FF-445B-AD94-A3E52EF29795}.Release|Any CPU.ActiveCfg = Release|Any CPU
		{E18F4EA4-91FF-445B-AD94-A3E52EF29795}.Release|Any CPU.Build.0 = Release|Any CPU
		{EB840830-E084-421B-B834-0BF56BA5FEE2}.Debug|Any CPU.ActiveCfg = Debug|Any CPU
		{EB840830-E084-421B-B834-0BF56BA5FEE2}.Debug|Any CPU.Build.0 = Debug|Any CPU
		{EB840830-E084-421B-B834-0BF56BA5FEE2}.Release|Any CPU.ActiveCfg = Release|Any CPU
		{EB840830-E084-421B-B834-0BF56BA5FEE2}.Release|Any CPU.Build.0 = Release|Any CPU
	EndGlobalSection
	GlobalSection(SolutionProperties) = preSolution
		HideSolutionNode = FALSE
	EndGlobalSection
	GlobalSection(ExtensibilityGlobals) = postSolution
		SolutionGuid = {69FBBD3E-2ED9-483D-BCC4-0BD972A9D7A6}
	EndGlobalSection
EndGlobal
